// !$*UTF8*$!
{
	archiveVersion = 1;
	classes = {
	};
	objectVersion = 56;
	objects = {

/* Begin PBXBuildFile section */
		5A29ABCF2BEB9EA400553EFE /* SwiftUImacOSListHighlightApp.swift in Sources */ = {isa = PBXBuildFile; fileRef = 5ACFB48D2AEE7FD000EDA261 /* SwiftUImacOSListHighlightApp.swift */; };
		5A29ABD12BEB9ECE00553EFE /* ContentViewResponse.swift in Sources */ = {isa = PBXBuildFile; fileRef = 5A29ABD02BEB9ECE00553EFE /* ContentViewResponse.swift */; };
		5ACFB4902AEE7FD000EDA261 /* ContentView.swift in Sources */ = {isa = PBXBuildFile; fileRef = 5ACFB48F2AEE7FD000EDA261 /* ContentView.swift */; };
		5ACFB4922AEE7FD100EDA261 /* Assets.xcassets in Resources */ = {isa = PBXBuildFile; fileRef = 5ACFB4912AEE7FD100EDA261 /* Assets.xcassets */; };
		5ACFB4952AEE7FD100EDA261 /* Preview Assets.xcassets in Resources */ = {isa = PBXBuildFile; fileRef = 5ACFB4942AEE7FD100EDA261 /* Preview Assets.xcassets */; };
/* End PBXBuildFile section */

/* Begin PBXFileReference section */
		5A29ABD02BEB9ECE00553EFE /* ContentViewResponse.swift */ = {isa = PBXFileReference; fileEncoding = 4; lastKnownFileType = sourcecode.swift; path = ContentViewResponse.swift; sourceTree = "<group>"; };
		5ACFB48A2AEE7FD000EDA261 /* SwiftUImacOSListHighlight.app */ = {isa = PBXFileReference; explicitFileType = wrapper.application; includeInIndex = 0; path = SwiftUImacOSListHighlight.app; sourceTree = BUILT_PRODUCTS_DIR; };
		5ACFB48D2AEE7FD000EDA261 /* SwiftUImacOSListHighlightApp.swift */ = {isa = PBXFileReference; lastKnownFileType = sourcecode.swift; path = SwiftUImacOSListHighlightApp.swift; sourceTree = "<group>"; };
		5ACFB48F2AEE7FD000EDA261 /* ContentView.swift */ = {isa = PBXFileReference; lastKnownFileType = sourcecode.swift; path = ContentView.swift; sourceTree = "<group>"; };
		5ACFB4912AEE7FD100EDA261 /* Assets.xcassets */ = {isa = PBXFileReference; lastKnownFileType = folder.assetcatalog; path = Assets.xcassets; sourceTree = "<group>"; };
		5ACFB4942AEE7FD100EDA261 /* Preview Assets.xcassets */ = {isa = PBXFileReference; lastKnownFileType = folder.assetcatalog; path = "Preview Assets.xcassets"; sourceTree = "<group>"; };
		5ACFB4962AEE7FD100EDA261 /* SwiftUImacOSListHighlight.entitlements */ = {isa = PBXFileReference; lastKnownFileType = text.plist.entitlements; path = SwiftUImacOSListHighlight.entitlements; sourceTree = "<group>"; };
		5ACFB49C2AEE809A00EDA261 /* README.md */ = {isa = PBXFileReference; lastKnownFileType = net.daringfireball.markdown; path = README.md; sourceTree = "<group>"; };
/* End PBXFileReference section */

/* Begin PBXFrameworksBuildPhase section */
		5ACFB4872AEE7FD000EDA261 /* Frameworks */ = {
			isa = PBXFrameworksBuildPhase;
			buildActionMask = 2147483647;
			files = (
			);
			runOnlyForDeploymentPostprocessing = 0;
		};
/* End PBXFrameworksBuildPhase section */

/* Begin PBXGroup section */
		5ACFB4812AEE7FD000EDA261 = {
			isa = PBXGroup;
			children = (
				5ACFB49C2AEE809A00EDA261 /* README.md */,
				5ACFB48C2AEE7FD000EDA261 /* SwiftUImacOSListHighlight */,
				5ACFB48B2AEE7FD000EDA261 /* Products */,
			);
			sourceTree = "<group>";
		};
		5ACFB48B2AEE7FD000EDA261 /* Products */ = {
			isa = PBXGroup;
			children = (
				5ACFB48A2AEE7FD000EDA261 /* SwiftUImacOSListHighlight.app */,
			);
			name = Products;
			sourceTree = "<group>";
		};
		5ACFB48C2AEE7FD000EDA261 /* SwiftUImacOSListHighlight */ = {
			isa = PBXGroup;
			children = (
				5ACFB48D2AEE7FD000EDA261 /* SwiftUImacOSListHighlightApp.swift */,
				5A29ABD02BEB9ECE00553EFE /* ContentViewResponse.swift */,
				5ACFB48F2AEE7FD000EDA261 /* ContentView.swift */,
				5ACFB4912AEE7FD100EDA261 /* Assets.xcassets */,
				5ACFB4962AEE7FD100EDA261 /* SwiftUImacOSListHighlight.entitlements */,
				5ACFB4932AEE7FD100EDA261 /* Preview Content */,
			);
			path = SwiftUImacOSListHighlight;
			sourceTree = "<group>";
		};
		5ACFB4932AEE7FD100EDA261 /* Preview Content */ = {
			isa = PBXGroup;
			children = (
				5ACFB4942AEE7FD100EDA261 /* Preview Assets.xcassets */,
			);
			path = "Preview Content";
			sourceTree = "<group>";
		};
/* End PBXGroup section */

/* Begin PBXNativeTarget section */
		5ACFB4892AEE7FD000EDA261 /* SwiftUImacOSListHighlight */ = {
			isa = PBXNativeTarget;
			buildConfigurationList = 5ACFB4992AEE7FD100EDA261 /* Build configuration list for PBXNativeTarget "SwiftUImacOSListHighlight" */;
			buildPhases = (
				5ACFB4862AEE7FD000EDA261 /* Sources */,
				5ACFB4872AEE7FD000EDA261 /* Frameworks */,
				5ACFB4882AEE7FD000EDA261 /* Resources */,
			);
			buildRules = (
			);
			dependencies = (
			);
			name = SwiftUImacOSListHighlight;
			productName = SwiftUImacOSListHighlight;
			productReference = 5ACFB48A2AEE7FD000EDA261 /* SwiftUImacOSListHighlight.app */;
			productType = "com.apple.product-type.application";
		};
/* End PBXNativeTarget section */

/* Begin PBXProject section */
		5ACFB4822AEE7FD000EDA261 /* Project object */ = {
			isa = PBXProject;
			attributes = {
				BuildIndependentTargetsInParallel = 1;
				LastSwiftUpdateCheck = 1500;
				LastUpgradeCheck = 1500;
				TargetAttributes = {
					5ACFB4892AEE7FD000EDA261 = {
						CreatedOnToolsVersion = 15.0;
					};
				};
			};
			buildConfigurationList = 5ACFB4852AEE7FD000EDA261 /* Build configuration list for PBXProject "SwiftUImacOSListHighlight" */;
			compatibilityVersion = "Xcode 14.0";
			developmentRegion = en;
			hasScannedForEncodings = 0;
			knownRegions = (
				en,
				Base,
			);
			mainGroup = 5ACFB4812AEE7FD000EDA261;
			productRefGroup = 5ACFB48B2AEE7FD000EDA261 /* Products */;
			projectDirPath = "";
			projectRoot = "";
			targets = (
				5ACFB4892AEE7FD000EDA261 /* SwiftUImacOSListHighlight */,
			);
		};
/* End PBXProject section */

/* Begin PBXResourcesBuildPhase section */
		5ACFB4882AEE7FD000EDA261 /* Resources */ = {
			isa = PBXResourcesBuildPhase;
			buildActionMask = 2147483647;
			files = (
				5ACFB4952AEE7FD100EDA261 /* Preview Assets.xcassets in Resources */,
				5ACFB4922AEE7FD100EDA261 /* Assets.xcassets in Resources */,
			);
			runOnlyForDeploymentPostprocessing = 0;
		};
/* End PBXResourcesBuildPhase section */

/* Begin PBXSourcesBuildPhase section */
		5ACFB4862AEE7FD000EDA261 /* Sources */ = {
			isa = PBXSourcesBuildPhase;
			buildActionMask = 2147483647;
			files = (
				5A29ABCF2BEB9EA400553EFE /* SwiftUImacOSListHighlightApp.swift in Sources */,
				5A29ABD12BEB9ECE00553EFE /* ContentViewResponse.swift in Sources */,
				5ACFB4902AEE7FD000EDA261 /* ContentView.swift in Sources */,
			);
			runOnlyForDeploymentPostprocessing = 0;
		};
/* End PBXSourcesBuildPhase section */

/* Begin XCBuildConfiguration section */
		5ACFB4972AEE7FD100EDA261 /* Debug */ = {
			isa = XCBuildConfiguration;
			buildSettings = {
				ALWAYS_SEARCH_USER_PATHS = NO;
				ASSETCATALOG_COMPILER_GENERATE_SWIFT_ASSET_SYMBOL_EXTENSIONS = YES;
				CLANG_ANALYZER_NONNULL = YES;
				CLANG_ANALYZER_NUMBER_OBJECT_CONVERSION = YES_AGGRESSIVE;
				CLANG_CXX_LANGUAGE_STANDARD = "gnu++20";
				CLANG_ENABLE_MODULES = YES;
				CLANG_ENABLE_OBJC_ARC = YES;
				CLANG_ENABLE_OBJC_WEAK = YES;
				CLANG_WARN_BLOCK_CAPTURE_AUTORELEASING = YES;
				CLANG_WARN_BOOL_CONVERSION = YES;
				CLANG_WARN_COMMA = YES;
				CLANG_WARN_CONSTANT_CONVERSION = YES;
				CLANG_WARN_DEPRECATED_OBJC_IMPLEMENTATIONS = YES;
				CLANG_WARN_DIRECT_OBJC_ISA_USAGE = YES_ERROR;
				CLANG_WARN_DOCUMENTATION_COMMENTS = YES;
				CLANG_WARN_EMPTY_BODY = YES;
				CLANG_WARN_ENUM_CONVERSION = YES;
				CLANG_WARN_INFINITE_RECURSION = YES;
				CLANG_WARN_INT_CONVERSION = YES;
				CLANG_WARN_NON_LITERAL_NULL_CONVERSION = YES;
				CLANG_WARN_OBJC_IMPLICIT_RETAIN_SELF = YES;
				CLANG_WARN_OBJC_LITERAL_CONVERSION = YES;
				CLANG_WARN_OBJC_ROOT_CLASS = YES_ERROR;
				CLANG_WARN_QUOTED_INCLUDE_IN_FRAMEWORK_HEADER = YES;
				CLANG_WARN_RANGE_LOOP_ANALYSIS = YES;
				CLANG_WARN_STRICT_PROTOTYPES = YES;
				CLANG_WARN_SUSPICIOUS_MOVE = YES;
				CLANG_WARN_UNGUARDED_AVAILABILITY = YES_AGGRESSIVE;
				CLANG_WARN_UNREACHABLE_CODE = YES;
				CLANG_WARN__DUPLICATE_METHOD_MATCH = YES;
				COPY_PHASE_STRIP = NO;
				DEBUG_INFORMATION_FORMAT = dwarf;
				ENABLE_STRICT_OBJC_MSGSEND = YES;
				ENABLE_TESTABILITY = YES;
				ENABLE_USER_SCRIPT_SANDBOXING = YES;
				GCC_C_LANGUAGE_STANDARD = gnu17;
				GCC_DYNAMIC_NO_PIC = NO;
				GCC_NO_COMMON_BLOCKS = YES;
				GCC_OPTIMIZATION_LEVEL = 0;
				GCC_PREPROCESSOR_DEFINITIONS = (
					"DEBUG=1",
					"$(inherited)",
				);
				GCC_WARN_64_TO_32_BIT_CONVERSION = YES;
				GCC_WARN_ABOUT_RETURN_TYPE = YES_ERROR;
				GCC_WARN_UNDECLARED_SELECTOR = YES;
				GCC_WARN_UNINITIALIZED_AUTOS = YES_AGGRESSIVE;
				GCC_WARN_UNUSED_FUNCTION = YES;
				GCC_WARN_UNUSED_VARIABLE = YES;
				LOCALIZATION_PREFERS_STRING_CATALOGS = YES;
				MACOSX_DEPLOYMENT_TARGET = 14.0;
				MTL_ENABLE_DEBUG_INFO = INCLUDE_SOURCE;
				MTL_FAST_MATH = YES;
				ONLY_ACTIVE_ARCH = YES;
				SDKROOT = macosx;
				SWIFT_ACTIVE_COMPILATION_CONDITIONS = "DEBUG $(inherited)";
				SWIFT_OPTIMIZATION_LEVEL = "-Onone";
			};
			name = Debug;
		};
		5ACFB4982AEE7FD100EDA261 /* Release */ = {
			isa = XCBuildConfiguration;
			buildSettings = {
				ALWAYS_SEARCH_USER_PATHS = NO;
				ASSETCATALOG_COMPILER_GENERATE_SWIFT_ASSET_SYMBOL_EXTENSIONS = YES;
				CLANG_ANALYZER_NONNULL = YES;
				CLANG_ANALYZER_NUMBER_OBJECT_CONVERSION = YES_AGGRESSIVE;
				CLANG_CXX_LANGUAGE_STANDARD = "gnu++20";
				CLANG_ENABLE_MODULES = YES;
				CLANG_ENABLE_OBJC_ARC = YES;
				CLANG_ENABLE_OBJC_WEAK = YES;
				CLANG_WARN_BLOCK_CAPTURE_AUTORELEASING = YES;
				CLANG_WARN_BOOL_CONVERSION = YES;
				CLANG_WARN_COMMA = YES;
				CLANG_WARN_CONSTANT_CONVERSION = YES;
				CLANG_WARN_DEPRECATED_OBJC_IMPLEMENTATIONS = YES;
				CLANG_WARN_DIRECT_OBJC_ISA_USAGE = YES_ERROR;
				CLANG_WARN_DOCUMENTATION_COMMENTS = YES;
				CLANG_WARN_EMPTY_BODY = YES;
				CLANG_WARN_ENUM_CONVERSION = YES;
				CLANG_WARN_INFINITE_RECURSION = YES;
				CLANG_WARN_INT_CONVERSION = YES;
				CLANG_WARN_NON_LITERAL_NULL_CONVERSION = YES;
				CLANG_WARN_OBJC_IMPLICIT_RETAIN_SELF = YES;
				CLANG_WARN_OBJC_LITERAL_CONVERSION = YES;
				CLANG_WARN_OBJC_ROOT_CLASS = YES_ERROR;
				CLANG_WARN_QUOTED_INCLUDE_IN_FRAMEWORK_HEADER = YES;
				CLANG_WARN_RANGE_LOOP_ANALYSIS = YES;
				CLANG_WARN_STRICT_PROTOTYPES = YES;
				CLANG_WARN_SUSPICIOUS_MOVE = YES;
				CLANG_WARN_UNGUARDED_AVAILABILITY = YES_AGGRESSIVE;
				CLANG_WARN_UNREACHABLE_CODE = YES;
				CLANG_WARN__DUPLICATE_METHOD_MATCH = YES;
				COPY_PHASE_STRIP = NO;
				DEBUG_INFORMATION_FORMAT = "dwarf-with-dsym";
				ENABLE_NS_ASSERTIONS = NO;
				ENABLE_STRICT_OBJC_MSGSEND = YES;
				ENABLE_USER_SCRIPT_SANDBOXING = YES;
				GCC_C_LANGUAGE_STANDARD = gnu17;
				GCC_NO_COMMON_BLOCKS = YES;
				GCC_WARN_64_TO_32_BIT_CONVERSION = YES;
				GCC_WARN_ABOUT_RETURN_TYPE = YES_ERROR;
				GCC_WARN_UNDECLARED_SELECTOR = YES;
				GCC_WARN_UNINITIALIZED_AUTOS = YES_AGGRESSIVE;
				GCC_WARN_UNUSED_FUNCTION = YES;
				GCC_WARN_UNUSED_VARIABLE = YES;
				LOCALIZATION_PREFERS_STRING_CATALOGS = YES;
				MACOSX_DEPLOYMENT_TARGET = 14.0;
				MTL_ENABLE_DEBUG_INFO = NO;
				MTL_FAST_MATH = YES;
				SDKROOT = macosx;
				SWIFT_COMPILATION_MODE = wholemodule;
			};
			name = Release;
		};
		5ACFB49A2AEE7FD100EDA261 /* Debug */ = {
			isa = XCBuildConfiguration;
			buildSettings = {
				ASSETCATALOG_COMPILER_APPICON_NAME = AppIcon;
				ASSETCATALOG_COMPILER_GLOBAL_ACCENT_COLOR_NAME = AccentColor;
				CODE_SIGN_ENTITLEMENTS = SwiftUImacOSListHighlight/SwiftUImacOSListHighlight.entitlements;
				CODE_SIGN_STYLE = Automatic;
				COMBINE_HIDPI_IMAGES = YES;
				CURRENT_PROJECT_VERSION = 1;
				DEVELOPMENT_ASSET_PATHS = "\"SwiftUImacOSListHighlight/Preview Content\"";
				DEVELOPMENT_TEAM = QPW6B8MS22;
				ENABLE_HARDENED_RUNTIME = YES;
				ENABLE_PREVIEWS = YES;
				GENERATE_INFOPLIST_FILE = YES;
				INFOPLIST_KEY_NSHumanReadableCopyright = "";
				LD_RUNPATH_SEARCH_PATHS = (
					"$(inherited)",
					"@executable_path/../Frameworks",
				);
				MARKETING_VERSION = 1.0;
				PRODUCT_BUNDLE_IDENTIFIER = de.simonnickel.SwiftUImacOSListHighlight;
				PRODUCT_NAME = "$(TARGET_NAME)";
				SWIFT_EMIT_LOC_STRINGS = YES;
				SWIFT_VERSION = 5.0;
			};
			name = Debug;
		};
		5ACFB49B2AEE7FD100EDA261 /* Release */ = {
			isa = XCBuildConfiguration;
			buildSettings = {
				ASSETCATALOG_COMPILER_APPICON_NAME = AppIcon;
				ASSETCATALOG_COMPILER_GLOBAL_ACCENT_COLOR_NAME = AccentColor;
				CODE_SIGN_ENTITLEMENTS = SwiftUImacOSListHighlight/SwiftUImacOSListHighlight.entitlements;
				CODE_SIGN_STYLE = Automatic;
				COMBINE_HIDPI_IMAGES = YES;
				CURRENT_PROJECT_VERSION = 1;
				DEVELOPMENT_ASSET_PATHS = "\"SwiftUImacOSListHighlight/Preview Content\"";
				DEVELOPMENT_TEAM = QPW6B8MS22;
				ENABLE_HARDENED_RUNTIME = YES;
				ENABLE_PREVIEWS = YES;
				GENERATE_INFOPLIST_FILE = YES;
				INFOPLIST_KEY_NSHumanReadableCopyright = "";
				LD_RUNPATH_SEARCH_PATHS = (
					"$(inherited)",
					"@executable_path/../Frameworks",
				);
				MARKETING_VERSION = 1.0;
				PRODUCT_BUNDLE_IDENTIFIER = de.simonnickel.SwiftUImacOSListHighlight;
				PRODUCT_NAME = "$(TARGET_NAME)";
				SWIFT_EMIT_LOC_STRINGS = YES;
				SWIFT_VERSION = 5.0;
			};
			name = Release;
		};
/* End XCBuildConfiguration section */

/* Begin XCConfigurationList section */
		5ACFB4852AEE7FD000EDA261 /* Build configuration list for PBXProject "SwiftUImacOSListHighlight" */ = {
			isa = XCConfigurationList;
			buildConfigurations = (
				5ACFB4972AEE7FD100EDA261 /* Debug */,
				5ACFB4982AEE7FD100EDA261 /* Release */,
			);
			defaultConfigurationIsVisible = 0;
			defaultConfigurationName = Release;
		};
		5ACFB4992AEE7FD100EDA261 /* Build configuration list for PBXNativeTarget "SwiftUImacOSListHighlight" */ = {
			isa = XCConfigurationList;
			buildConfigurations = (
				5ACFB49A2AEE7FD100EDA261 /* Debug */,
				5ACFB49B2AEE7FD100EDA261 /* Release */,
			);
			defaultConfigurationIsVisible = 0;
			defaultConfigurationName = Release;
		};
/* End XCConfigurationList section */
	};
	rootObject = 5ACFB4822AEE7FD000EDA261 /* Project object */;
}
